
Microsoft Visual Studio Solution File, Format Version 12.00
# Visual Studio Version 16
VisualStudioVersion = 16.0.28803.156
MinimumVisualStudioVersion = 10.0.40219.1
Project("{FAE04EC0-301F-11D3-BF4B-00C04F79EFBC}") = "EditorConfigTestProject", "EditorConfigTestProject\EditorConfigTestProject.csproj", "{223577BE-2D45-410E-8300-FE3B3B1A4331}"
EndProject
Project("{2150E333-8FDC-42A3-9474-1A3956D46DE8}") = "Solutions Items", "Solutions Items", "{0BB7E20A-7774-489E-8B59-5F24F09C92D9}"
	ProjectSection(SolutionItems) = preProject
		.editorconfig = .editorconfig
		Readme.md = Readme.md
	EndProjectSection
EndProject
Global
	GlobalSection(SolutionConfigurationPlatforms) = preSolution
		Debug|Any CPU = Debug|Any CPU
		Release|Any CPU = Release|Any CPU
	EndGlobalSection
	GlobalSection(ProjectConfigurationPlatforms) = postSolution
		{223577BE-2D45-410E-8300-FE3B3B1A4331}.Debug|Any CPU.ActiveCfg = Debug|Any CPU
		{223577BE-2D45-410E-8300-FE3B3B1A4331}.Debug|Any CPU.Build.0 = Debug|Any CPU
		{223577BE-2D45-410E-8300-FE3B3B1A4331}.Release|Any CPU.ActiveCfg = Release|Any CPU
		{223577BE-2D45-410E-8300-FE3B3B1A4331}.Release|Any CPU.Build.0 = Release|Any CPU
	EndGlobalSection
	GlobalSection(SolutionProperties) = preSolution
		HideSolutionNode = FALSE
	EndGlobalSection
	GlobalSection(ExtensibilityGlobals) = postSolution
		SolutionGuid = {5D791D44-AD27-4FA8-A35C-443A39F4ABA8}
	EndGlobalSection
EndGlobal
